# THIS IS AN AUTOGENERATED FILE. DO NOT EDIT THIS FILE DIRECTLY.
# yarn lockfile v1


as-bignum@^0.2, as-bignum@^0.2.23:
  version "0.2.23"
  resolved "https://registry.yarnpkg.com/as-bignum/-/as-bignum-0.2.23.tgz#626e358721504291d35db4ce5c80693630048ad3"
  integrity sha512-0+GiwHNwyw0lXI+6uzOI6ReNOEsqKihdLJuOYJeqEOfXcIqwtSixLcQ7h9UQaMrroktW/Idmqj2TinpcWTxxJA==

as-buffers@^0.1.3:
  version "0.1.3"
  resolved "https://registry.yarnpkg.com/as-buffers/-/as-buffers-0.1.3.tgz#af135c3762a949ebf8c9ce4135107947607c10fb"
  integrity sha512-NwGbA3YRsbA0OYegzDG4bLiMPtRKZcmq9r/WLnEuhaJD/M6dk7VUV5MrC1ni9Rjnbf5Zq9Kn5vjujtWYVXXVEA==

as-serde-scale@^0.2:
  version "0.2.0"
  resolved "https://registry.yarnpkg.com/as-serde-scale/-/as-serde-scale-0.2.0.tgz#67fe476df6c59c91b4562365052d2548b65ab8d3"
  integrity sha512-R//bh5Isyj555yYpx6YScKobzGy2Pe7NpQ38kgDclznlD1yb7BHiWNDvxIAMJex+DTM2HRJ34szGkcrOXMY5pw==
  dependencies:
    as-bignum "^0.2"
    as-buffers "^0.1.3"
    as-serde "^0.2.0"

as-serde-transform@^0.2.0:
  version "0.2.0"
  resolved "https://registry.yarnpkg.com/as-serde-transform/-/as-serde-transform-0.2.0.tgz#ff740b03bc57e40e115026c768baa4ae25b369cf"
  integrity sha512-f+X/Zd5fHAO4QWEVDwMuRkjjXXY4mBBtm2fTmpmbYdg/HfHzo3eUYAZErUOL0yf0NKo6vbPQQUWmmUqCyE06Mg==
  dependencies:
    assemblyscript "^0.19"
    debug "^4.3.2"
    lodash "4.17"
    visitor-as "0.8"

as-serde@^0.2, as-serde@^0.2.0:
  version "0.2.0"
  resolved "https://registry.yarnpkg.com/as-serde/-/as-serde-0.2.0.tgz#79051b5e4d5eb98f853323eb199b65ad1ec8bf7c"
  integrity sha512-t6HK/AefRBJOKhDlf+E524hPPLrM17/YDRSH0lTvdwk/1xT9AZlwsYwMKKklq7O9+//wjwu3l4Oy1dfbSVzkAg==
  dependencies:
    as-serde-transform "^0.2.0"

ask-contract-metadata@0.4.0-rc3:
  version "0.4.0-rc3"
  resolved "https://registry.yarnpkg.com/ask-contract-metadata/-/ask-contract-metadata-0.4.0-rc3.tgz#898021eede7d0f615e304507899e8bf9f4b3974e"
  integrity sha512-2y3IjhWaWaon0HCx2QIbbfUbnTb4uxL6cP8MRdr7ZALxDyc4HI+zm04hLTrXxl595qd7XKoaLW1BmCAUVk4a2Q==

ask-contract-runtime@0.4.0-rc3:
  version "0.4.0-rc3"
  resolved "https://registry.yarnpkg.com/ask-contract-runtime/-/ask-contract-runtime-0.4.0-rc3.tgz#a70d720cb6a6feebaddd16906e6fe8adba1aa236"
  integrity sha512-uLVnATw/0sPfmf2xEtplvLOv7ERG3AFa3xMmwcoLmEp9TXUYAzQR8M5x3o3YZ1w+n9YVKZ2IBjWZwGYbbMsWTQ==

ask-lang@^0.4.0-rc3:
  version "0.4.0-rc3"
  resolved "https://registry.yarnpkg.com/ask-lang/-/ask-lang-0.4.0-rc3.tgz#56bcc0042980b5f361b9f5c6c4557955ac854d1c"
  integrity sha512-FDktzTs5eGJyyDndFkZmOS8IUKgJWddUQtNo5/Hvy1hfh9sEmnqfXEcDEvXIQst/RxP0kw/QiA4pBD/dRarR4A==
  dependencies:
    as-bignum "^0.2.23"
    as-buffers "^0.1.3"
    as-serde "^0.2"
    as-serde-scale "^0.2"
    ask-contract-runtime "0.4.0-rc3"

ask-transform@^0.4.0-rc3:
  version "0.4.0-rc3"
  resolved "https://registry.yarnpkg.com/ask-transform/-/ask-transform-0.4.0-rc3.tgz#3f5b0bd5f80217654d970f0bc1f5b904bc87535a"
  integrity sha512-Tf6U3NejiCYtGUD1kTe6ASSG7MqaZ6cshT4dawy7wrtzwsrngEyXpzwxMoulNRJP/8G4jsZ6L9IvOTvb5meUTg==
  dependencies:
    ask-contract-metadata "0.4.0-rc3"
    assemblyscript "^0.19"
    blakejs "^1.1.0"
    debug "^4.3"
    lodash "4.17"
    visitor-as "0.8"

assemblyscript@^0.19:
  version "0.19.23"
  resolved "https://registry.yarnpkg.com/assemblyscript/-/assemblyscript-0.19.23.tgz#16ece69f7f302161e2e736a0f6a474e6db72134c"
  integrity sha512-fwOQNZVTMga5KRsfY80g7cpOl4PsFQczMwHzdtgoqLXaYhkhavufKb0sB0l3T1DUxpAufA0KNhlbpuuhZUwxMA==
  dependencies:
    binaryen "102.0.0-nightly.20211028"
    long "^5.2.0"
    source-map-support "^0.5.20"

binaryen@102.0.0-nightly.20211028:
  version "102.0.0-nightly.20211028"
  resolved "https://registry.yarnpkg.com/binaryen/-/binaryen-102.0.0-nightly.20211028.tgz#8f1efb0920afd34509e342e37f84313ec936afb2"
  integrity sha512-GCJBVB5exbxzzvyt8MGDv/MeUjs6gkXDvf4xOIItRBptYl0Tz5sm1o/uG95YK0L0VeG5ajDu3hRtkBP2kzqC5w==

blakejs@^1.1.0:
  version "1.2.1"
  resolved "https://registry.yarnpkg.com/blakejs/-/blakejs-1.2.1.tgz#5057e4206eadb4a97f7c0b6e197a505042fc3814"
  integrity sha512-QXUSXI3QVc/gJME0dBpXrag1kbzOqCjCX8/b54ntNyW6sjtoqxqRk3LTmXzaJoh71zMsDCjM+47jS7XiwN/+fQ==

buffer-from@^1.0.0:
  version "1.1.2"
  resolved "https://registry.yarnpkg.com/buffer-from/-/buffer-from-1.1.2.tgz#2b146a6fd72e80b4f55d255f35ed59a3a9a41bd5"
  integrity sha512-E+XQCRwSbaaiChtv6k6Dwgc+bx+Bs6vuKJHHl5kox/BaKbhiXzqQOwK4cO22yElGp2OCmjwVhT3HmxgyPGnJfQ==

debug@^4.3, debug@^4.3.2:
  version "4.3.4"
  resolved "https://registry.yarnpkg.com/debug/-/debug-4.3.4.tgz#1319f6579357f2338d3337d2cdd4914bb5dcc865"
  integrity sha512-PRWFHuSU3eDtQJPvnNY7Jcket1j0t5OuOsFzPPzsekD52Zl8qUfFIPEiswXqIvHWGVHOgX+7G/vCNNhehwxfkQ==
  dependencies:
    ms "2.1.2"

lodash.clonedeep@^4.5.0:
  version "4.5.0"
  resolved "https://registry.yarnpkg.com/lodash.clonedeep/-/lodash.clonedeep-4.5.0.tgz#e23f3f9c4f8fbdde872529c1071857a086e5ccef"
  integrity sha512-H5ZhCF25riFd9uB5UCkVKo61m3S/xZk1x4wA6yp/L3RFP6Z/eHH1ymQcGLo7J3GMPfm0V/7m1tryHuGVxpqEBQ==

lodash@4.17:
  version "4.17.21"
  resolved "https://registry.yarnpkg.com/lodash/-/lodash-4.17.21.tgz#679591c564c3bffaae8454cf0b3df370c3d6911c"
  integrity sha512-v2kDEe57lecTulaDIuNTPy3Ry4gLGJ6Z1O3vE1krgXZNrsQ+LFTGHVxVjcXPs17LhbZVGedAJv8XZ1tvj5FvSg==

long@^5.2.0:
  version "5.2.0"
  resolved "https://registry.yarnpkg.com/long/-/long-5.2.0.tgz#2696dadf4b4da2ce3f6f6b89186085d94d52fd61"
  integrity sha512-9RTUNjK60eJbx3uz+TEGF7fUr29ZDxR5QzXcyDpeSfeH28S9ycINflOgOlppit5U+4kNTe83KQnMEerw7GmE8w==

ms@2.1.2:
  version "2.1.2"
  resolved "https://registry.yarnpkg.com/ms/-/ms-2.1.2.tgz#d09d1f357b443f493382a8eb3ccd183872ae6009"
  integrity sha512-sGkPx+VjMtmA6MX27oA4FBFELFCZZ4S4XqeGOXCv68tT+jb3vk/RyaKWP0PTKyWtmLSM0b+adUTEvbs1PEaH2w==

source-map-support@^0.5.20:
  version "0.5.21"
  resolved "https://registry.yarnpkg.com/source-map-support/-/source-map-support-0.5.21.tgz#04fe7c7f9e1ed2d662233c28cb2b35b9f63f6e4f"
  integrity sha512-uBHU3L3czsIyYXKX88fdrGovxdSCoTGDRZ6SYXtSRxLZUzHg5P/66Ht6uoUlHu9EZod+inXhKo3qQgwXUT/y1w==
  dependencies:
    buffer-from "^1.0.0"
    source-map "^0.6.0"

source-map@^0.6.0:
  version "0.6.1"
  resolved "https://registry.yarnpkg.com/source-map/-/source-map-0.6.1.tgz#74722af32e9614e9c287a8d0bbde48b5e2f1a263"
  integrity sha512-UjgapumWlbMhkBgzT7Ykc5YXUT46F0iKu8SGXq0bcwP5dz/h0Plj6enJqjz1Zbq2l5WaqYnrVbwWOWMyF3F47g==

ts-mixer@^5.4.1:
  version "5.4.1"
  resolved "https://registry.yarnpkg.com/ts-mixer/-/ts-mixer-5.4.1.tgz#b90db9ced48531aa17ce9184a2890d1e3c99b1e5"
  integrity sha512-Zo9HgPCtNouDgJ+LGtrzVOjSg8+7WGQktIKLwAfaNrlOK1mWGlz1ejsAF/YqUEqAGjUTeB5fEg8gH9Aui6w9xA==

visitor-as@0.8:
  version "0.8.0"
  resolved "https://registry.yarnpkg.com/visitor-as/-/visitor-as-0.8.0.tgz#5451ce2bb25f4c787d7f74857b4c839e48a157ee"
  integrity sha512-tW9Vfr2AnGCckcfujL7QPbfrY7D0hNcYwi5DWx8wBfBjgCWhfIXEEojqS5JrzRnQI+LllTEUfGAIdLaxaaBNpw==
  dependencies:
    lodash.clonedeep "^4.5.0"
    ts-mixer "^5.4.1"
